
Microsoft Visual Studio Solution File, Format Version 12.00
# Visual Studio 15
VisualStudioVersion = 15.0.28307.779
MinimumVisualStudioVersion = 10.0.40219.1
Project("{FAE04EC0-301F-11D3-BF4B-00C04F79EFBC}") = "CM_Lab_4_Derivative", "CM_Lab_4_Derivative\CM_Lab_4_Derivative.csproj", "{148AC2F9-4528-43E0-8120-B26E5E2679B7}"
EndProject
Global
	GlobalSection(SolutionConfigurationPlatforms) = preSolution
		Debug|Any CPU = Debug|Any CPU
		Release|Any CPU = Release|Any CPU
	EndGlobalSection
	GlobalSection(ProjectConfigurationPlatforms) = postSolution
		{148AC2F9-4528-43E0-8120-B26E5E2679B7}.Debug|Any CPU.ActiveCfg = Debug|Any CPU
		{148AC2F9-4528-43E0-8120-B26E5E2679B7}.Debug|Any CPU.Build.0 = Debug|Any CPU
		{148AC2F9-4528-43E0-8120-B26E5E2679B7}.Release|Any CPU.ActiveCfg = Release|Any CPU
		{148AC2F9-4528-43E0-8120-B26E5E2679B7}.Release|Any CPU.Build.0 = Release|Any CPU
	EndGlobalSection
	GlobalSection(SolutionProperties) = preSolution
		HideSolutionNode = FALSE
	EndGlobalSection
	GlobalSection(ExtensibilityGlobals) = postSolution
		SolutionGuid = {EA77A975-FD47-40FD-81EA-219561C64E5D}
	EndGlobalSection
EndGlobal
